
Microsoft Visual Studio Solution File, Format Version 12.00
# Visual Studio Version 17
VisualStudioVersion = 17.7.34031.279
MinimumVisualStudioVersion = 10.0.40219.1
Project("{9A19103F-16F7-4668-BE54-9A1E7A4F7556}") = "ServerAPI", "ServerAPI\ServerAPI.csproj", "{C1E2CA7C-2347-4E87-8A89-8EB79B86ADB8}"
EndProject
Global
	GlobalSection(SolutionConfigurationPlatforms) = preSolution
		Debug|Any CPU = Debug|Any CPU
		Release|Any CPU = Release|Any CPU
	EndGlobalSection
	GlobalSection(ProjectConfigurationPlatforms) = postSolution
		{C1E2CA7C-2347-4E87-8A89-8EB79B86ADB8}.Debug|Any CPU.ActiveCfg = Debug|Any CPU
		{C1E2CA7C-2347-4E87-8A89-8EB79B86ADB8}.Debug|Any CPU.Build.0 = Debug|Any CPU
		{C1E2CA7C-2347-4E87-8A89-8EB79B86ADB8}.Release|Any CPU.ActiveCfg = Release|Any CPU
		{C1E2CA7C-2347-4E87-8A89-8EB79B86ADB8}.Release|Any CPU.Build.0 = Release|Any CPU
	EndGlobalSection
	GlobalSection(SolutionProperties) = preSolution
		HideSolutionNode = FALSE
	EndGlobalSection
	GlobalSection(ExtensibilityGlobals) = postSolution
		SolutionGuid = {D889DA7F-B5A0-49DB-B35C-5D786904CF3B}
	EndGlobalSection
EndGlobal
